{
  "name": "genai-newsletter-resolver-functions",
  "lockfileVersion": 3,
  "requires": true,
  "packages": {
    "": {
      "name": "genai-newsletter-resolver-functions",
      "dependencies": {
        "genai-newsletter-shared": "file:../../shared"
      }
    },
    "../../shared": {
      "name": "genai-newsletter-shared"
    },
    "node_modules/genai-newsletter-shared": {
      "resolved": "../../shared",
      "link": true
    }
  }
}
